Microsoft Visual Studio Solution File, Format Version 12.00
# Visual Studio Version 17
VisualStudioVersion = 17.5.2.0
MinimumVisualStudioVersion = 10.0.40219.1
Project("{FAE04EC0-301F-11D3-BF4B-00C04F79EFBC}") = "GAM531_InClass1", "GAM531_InClass1.csproj", "{DC885603-CE2C-A500-6E14-0AA9B80EE8B1}"
EndProject
Global
	GlobalSection(SolutionConfigurationPlatforms) = preSolution
		Debug|Any CPU = Debug|Any CPU
		Release|Any CPU = Release|Any CPU
	EndGlobalSection
	GlobalSection(ProjectConfigurationPlatforms) = postSolution
		{DC885603-CE2C-A500-6E14-0AA9B80EE8B1}.Debug|Any CPU.ActiveCfg = Debug|Any CPU
		{DC885603-CE2C-A500-6E14-0AA9B80EE8B1}.Debug|Any CPU.Build.0 = Debug|Any CPU
		{DC885603-CE2C-A500-6E14-0AA9B80EE8B1}.Release|Any CPU.ActiveCfg = Release|Any CPU
		{DC885603-CE2C-A500-6E14-0AA9B80EE8B1}.Release|Any CPU.Build.0 = Release|Any CPU
	EndGlobalSection
	GlobalSection(SolutionProperties) = preSolution
		HideSolutionNode = FALSE
	EndGlobalSection
	GlobalSection(ExtensibilityGlobals) = postSolution
		SolutionGuid = {17AF4D7A-F830-4600-AAE8-EA7210E337D1}
	EndGlobalSection
EndGlobal
